
Microsoft Visual Studio Solution File, Format Version 12.00
# Visual Studio Version 16
VisualStudioVersion = 16.0.29728.190
MinimumVisualStudioVersion = 10.0.40219.1
Project("{2150E333-8FDC-42A3-9474-1A3956D46DE8}") = "1 - UI", "1 - UI", "{07D0CD17-6955-4A00-B4A9-96461D3E8B7C}"
EndProject
Project("{2150E333-8FDC-42A3-9474-1A3956D46DE8}") = "2 - Domain", "2 - Domain", "{7A8DFA0F-50B3-403A-A8BC-F0089E2A2032}"
EndProject
Project("{2150E333-8FDC-42A3-9474-1A3956D46DE8}") = "3 - Infrastructure", "3 - Infrastructure", "{1028CA2D-E340-4F0A-8B62-B6DC0111375C}"
EndProject
Project("{FAE04EC0-301F-11D3-BF4B-00C04F79EFBC}") = "Nibo.SystemSummonerRift.UI.WEB", "Nibo.SystemSummonerRift.UI.WEB\Nibo.SystemSummonerRift.UI.WEB.csproj", "{DAAC4BE3-4248-4F1E-BFBA-4AC88FF9EF6A}"
EndProject
Project("{FAE04EC0-301F-11D3-BF4B-00C04F79EFBC}") = "NiboSystemSummonerRift.ApplicationCore", "NiboSystemSummonerRift.ApplicationCore\NiboSystemSummonerRift.ApplicationCore.csproj", "{C03A77CC-8D1B-4DBA-AE1B-8D8F1BF2342D}"
EndProject
Project("{FAE04EC0-301F-11D3-BF4B-00C04F79EFBC}") = "NiboSystemSummonerRift.Infrastructure", "NiboSystemSummonerRift.Infrastructure\NiboSystemSummonerRift.Infrastructure.csproj", "{4022D0F0-742A-4069-AEEF-24460B9EA7C5}"
EndProject
Global
	GlobalSection(SolutionConfigurationPlatforms) = preSolution
		Debug|Any CPU = Debug|Any CPU
		Release|Any CPU = Release|Any CPU
	EndGlobalSection
	GlobalSection(ProjectConfigurationPlatforms) = postSolution
		{DAAC4BE3-4248-4F1E-BFBA-4AC88FF9EF6A}.Debug|Any CPU.ActiveCfg = Debug|Any CPU
		{DAAC4BE3-4248-4F1E-BFBA-4AC88FF9EF6A}.Debug|Any CPU.Build.0 = Debug|Any CPU
		{DAAC4BE3-4248-4F1E-BFBA-4AC88FF9EF6A}.Release|Any CPU.ActiveCfg = Release|Any CPU
		{DAAC4BE3-4248-4F1E-BFBA-4AC88FF9EF6A}.Release|Any CPU.Build.0 = Release|Any CPU
		{C03A77CC-8D1B-4DBA-AE1B-8D8F1BF2342D}.Debug|Any CPU.ActiveCfg = Debug|Any CPU
		{C03A77CC-8D1B-4DBA-AE1B-8D8F1BF2342D}.Debug|Any CPU.Build.0 = Debug|Any CPU
		{C03A77CC-8D1B-4DBA-AE1B-8D8F1BF2342D}.Release|Any CPU.ActiveCfg = Release|Any CPU
		{C03A77CC-8D1B-4DBA-AE1B-8D8F1BF2342D}.Release|Any CPU.Build.0 = Release|Any CPU
		{4022D0F0-742A-4069-AEEF-24460B9EA7C5}.Debug|Any CPU.ActiveCfg = Debug|Any CPU
		{4022D0F0-742A-4069-AEEF-24460B9EA7C5}.Debug|Any CPU.Build.0 = Debug|Any CPU
		{4022D0F0-742A-4069-AEEF-24460B9EA7C5}.Release|Any CPU.ActiveCfg = Release|Any CPU
		{4022D0F0-742A-4069-AEEF-24460B9EA7C5}.Release|Any CPU.Build.0 = Release|Any CPU
	EndGlobalSection
	GlobalSection(SolutionProperties) = preSolution
		HideSolutionNode = FALSE
	EndGlobalSection
	GlobalSection(NestedProjects) = preSolution
		{DAAC4BE3-4248-4F1E-BFBA-4AC88FF9EF6A} = {07D0CD17-6955-4A00-B4A9-96461D3E8B7C}
		{C03A77CC-8D1B-4DBA-AE1B-8D8F1BF2342D} = {7A8DFA0F-50B3-403A-A8BC-F0089E2A2032}
		{4022D0F0-742A-4069-AEEF-24460B9EA7C5} = {1028CA2D-E340-4F0A-8B62-B6DC0111375C}
	EndGlobalSection
	GlobalSection(ExtensibilityGlobals) = postSolution
		SolutionGuid = {33AABCEF-9B2B-4B5C-939D-7DDE27627FE2}
	EndGlobalSection
EndGlobal
